
Microsoft Visual Studio Solution File, Format Version 12.00
# Visual Studio Version 17
VisualStudioVersion = 17.7.34031.279
MinimumVisualStudioVersion = 10.0.40219.1
Project("{9A19103F-16F7-4668-BE54-9A1E7A4F7556}") = "RecipeBook", "RecipeBook.csproj", "{6891AB46-6063-45F9-BADD-D73E45B99ECE}"
EndProject
Project("{FAE04EC0-301F-11D3-BF4B-00C04F79EFBC}") = "Tests", "..\Tests\Tests.csproj", "{3B93299C-9825-434F-BDA2-4DE8F3E0ADC5}"
EndProject
Global
	GlobalSection(SolutionConfigurationPlatforms) = preSolution
		Debug|Any CPU = Debug|Any CPU
		Release|Any CPU = Release|Any CPU
	EndGlobalSection
	GlobalSection(ProjectConfigurationPlatforms) = postSolution
		{6891AB46-6063-45F9-BADD-D73E45B99ECE}.Debug|Any CPU.ActiveCfg = Debug|Any CPU
		{6891AB46-6063-45F9-BADD-D73E45B99ECE}.Debug|Any CPU.Build.0 = Debug|Any CPU
		{6891AB46-6063-45F9-BADD-D73E45B99ECE}.Release|Any CPU.ActiveCfg = Release|Any CPU
		{6891AB46-6063-45F9-BADD-D73E45B99ECE}.Release|Any CPU.Build.0 = Release|Any CPU
		{3B93299C-9825-434F-BDA2-4DE8F3E0ADC5}.Debug|Any CPU.ActiveCfg = Debug|Any CPU
		{3B93299C-9825-434F-BDA2-4DE8F3E0ADC5}.Debug|Any CPU.Build.0 = Debug|Any CPU
		{3B93299C-9825-434F-BDA2-4DE8F3E0ADC5}.Release|Any CPU.ActiveCfg = Release|Any CPU
		{3B93299C-9825-434F-BDA2-4DE8F3E0ADC5}.Release|Any CPU.Build.0 = Release|Any CPU
	EndGlobalSection
	GlobalSection(SolutionProperties) = preSolution
		HideSolutionNode = FALSE
	EndGlobalSection
	GlobalSection(ExtensibilityGlobals) = postSolution
		SolutionGuid = {E5F835ED-D805-4FA0-9893-8ECC362F570D}
	EndGlobalSection
EndGlobal
